{
  "name": "package",
  "version": "1.0.0",
  "lockfileVersion": 1,
  "requires": true,
  "dependencies": {
    "planck-js": {
      "version": "0.3.31",
      "resolved": "https://registry.npmjs.org/planck-js/-/planck-js-0.3.31.tgz",
      "integrity": "sha512-fwKYnL92pF2nXdMPeBq/Aipu+m8LztcEcNjdcrQm/sWKDR01Ej0g121KS1oO7NW23WnRzxw24a7V4KI2JlFpSg==",
      "requires": {
        "stage-js": "^0.9.4"
      },
      "dependencies": {
        "stage-js": {
          "version": "0.9.4",
          "resolved": "https://registry.npmjs.org/stage-js/-/stage-js-0.9.4.tgz",
          "integrity": "sha512-fNN6rkYD55T4NUxJE71hixXYS9DoyHVX5S8sQcq5yiozX1kqHP/wnByZwFfdAGNZjb5rROJ90zwb0EbM9U2Jqg=="
        }
      }
    },
    "stage-js": {
      "version": "0.8.11",
      "resolved": "https://registry.npmjs.org/stage-js/-/stage-js-0.8.11.tgz",
      "integrity": "sha512-xq09tJMYcXIwq3HNUe4xWrQXP6hdpCdggHcE56aAPU229d0Y7tAsmNVMLjSel+Got/nXchW2zj75j4eYr5e0TA=="
    }
  }
}
